// !$*UTF8*$!
{
	archiveVersion = 1;
	classes = {
	};
	objectVersion = 55;
	objects = {

/* Begin PBXBuildFile section */
		BB08DB11284932B3002ADCAA /* AppDelegate.swift in Sources */ = {isa = PBXBuildFile; fileRef = BB08DB10284932B3002ADCAA /* AppDelegate.swift */; };
		BB08DB15284932B3002ADCAA /* ViewController.swift in Sources */ = {isa = PBXBuildFile; fileRef = BB08DB14284932B3002ADCAA /* ViewController.swift */; };
		BB08DB1A284932B3002ADCAA /* Assets.xcassets in Resources */ = {isa = PBXBuildFile; fileRef = BB08DB19284932B3002ADCAA /* Assets.xcassets */; };
		BB08DB1D284932B3002ADCAA /* LaunchScreen.storyboard in Resources */ = {isa = PBXBuildFile; fileRef = BB08DB1B284932B3002ADCAA /* LaunchScreen.storyboard */; };
		BB08DB28284932B4002ADCAA /* PasswordTests.swift in Sources */ = {isa = PBXBuildFile; fileRef = BB08DB27284932B4002ADCAA /* PasswordTests.swift */; };
		BB08DB32284932B4002ADCAA /* PasswordUITests.swift in Sources */ = {isa = PBXBuildFile; fileRef = BB08DB31284932B4002ADCAA /* PasswordUITests.swift */; };
		BB08DB34284932B4002ADCAA /* PasswordUITestsLaunchTests.swift in Sources */ = {isa = PBXBuildFile; fileRef = BB08DB33284932B4002ADCAA /* PasswordUITestsLaunchTests.swift */; };
		BB08DB4228494EF8002ADCAA /* PasswordTextField.swift in Sources */ = {isa = PBXBuildFile; fileRef = BB08DB4128494EF8002ADCAA /* PasswordTextField.swift */; };
/* End PBXBuildFile section */

/* Begin PBXContainerItemProxy section */
		BB08DB24284932B4002ADCAA /* PBXContainerItemProxy */ = {
			isa = PBXContainerItemProxy;
			containerPortal = BB08DB05284932B3002ADCAA /* Project object */;
			proxyType = 1;
			remoteGlobalIDString = BB08DB0C284932B3002ADCAA;
			remoteInfo = Password;
		};
		BB08DB2E284932B4002ADCAA /* PBXContainerItemProxy */ = {
			isa = PBXContainerItemProxy;
			containerPortal = BB08DB05284932B3002ADCAA /* Project object */;
			proxyType = 1;
			remoteGlobalIDString = BB08DB0C284932B3002ADCAA;
			remoteInfo = Password;
		};
/* End PBXContainerItemProxy section */

/* Begin PBXFileReference section */
		BB08DB0D284932B3002ADCAA /* Password.app */ = {isa = PBXFileReference; explicitFileType = wrapper.application; includeInIndex = 0; path = Password.app; sourceTree = BUILT_PRODUCTS_DIR; };
		BB08DB10284932B3002ADCAA /* AppDelegate.swift */ = {isa = PBXFileReference; lastKnownFileType = sourcecode.swift; path = AppDelegate.swift; sourceTree = "<group>"; };
		BB08DB14284932B3002ADCAA /* ViewController.swift */ = {isa = PBXFileReference; lastKnownFileType = sourcecode.swift; path = ViewController.swift; sourceTree = "<group>"; };
		BB08DB19284932B3002ADCAA /* Assets.xcassets */ = {isa = PBXFileReference; lastKnownFileType = folder.assetcatalog; path = Assets.xcassets; sourceTree = "<group>"; };
		BB08DB1C284932B3002ADCAA /* Base */ = {isa = PBXFileReference; lastKnownFileType = file.storyboard; name = Base; path = Base.lproj/LaunchScreen.storyboard; sourceTree = "<group>"; };
		BB08DB1E284932B3002ADCAA /* Info.plist */ = {isa = PBXFileReference; lastKnownFileType = text.plist.xml; path = Info.plist; sourceTree = "<group>"; };
		BB08DB23284932B4002ADCAA /* PasswordTests.xctest */ = {isa = PBXFileReference; explicitFileType = wrapper.cfbundle; includeInIndex = 0; path = PasswordTests.xctest; sourceTree = BUILT_PRODUCTS_DIR; };
		BB08DB27284932B4002ADCAA /* PasswordTests.swift */ = {isa = PBXFileReference; lastKnownFileType = sourcecode.swift; path = PasswordTests.swift; sourceTree = "<group>"; };
		BB08DB2D284932B4002ADCAA /* PasswordUITests.xctest */ = {isa = PBXFileReference; explicitFileType = wrapper.cfbundle; includeInIndex = 0; path = PasswordUITests.xctest; sourceTree = BUILT_PRODUCTS_DIR; };
		BB08DB31284932B4002ADCAA /* PasswordUITests.swift */ = {isa = PBXFileReference; lastKnownFileType = sourcecode.swift; path = PasswordUITests.swift; sourceTree = "<group>"; };
		BB08DB33284932B4002ADCAA /* PasswordUITestsLaunchTests.swift */ = {isa = PBXFileReference; lastKnownFileType = sourcecode.swift; path = PasswordUITestsLaunchTests.swift; sourceTree = "<group>"; };
		BB08DB4128494EF8002ADCAA /* PasswordTextField.swift */ = {isa = PBXFileReference; lastKnownFileType = sourcecode.swift; path = PasswordTextField.swift; sourceTree = "<group>"; };
/* End PBXFileReference section */

/* Begin PBXFrameworksBuildPhase section */
		BB08DB0A284932B3002ADCAA /* Frameworks */ = {
			isa = PBXFrameworksBuildPhase;
			buildActionMask = 2147483647;
			files = (
			);
			runOnlyForDeploymentPostprocessing = 0;
		};
		BB08DB20284932B4002ADCAA /* Frameworks */ = {
			isa = PBXFrameworksBuildPhase;
			buildActionMask = 2147483647;
			files = (
			);
			runOnlyForDeploymentPostprocessing = 0;
		};
		BB08DB2A284932B4002ADCAA /* Frameworks */ = {
			isa = PBXFrameworksBuildPhase;
			buildActionMask = 2147483647;
			files = (
			);
			runOnlyForDeploymentPostprocessing = 0;
		};
/* End PBXFrameworksBuildPhase section */

/* Begin PBXGroup section */
		BB08DB04284932B3002ADCAA = {
			isa = PBXGroup;
			children = (
				BB08DB0F284932B3002ADCAA /* Password */,
				BB08DB26284932B4002ADCAA /* PasswordTests */,
				BB08DB30284932B4002ADCAA /* PasswordUITests */,
				BB08DB0E284932B3002ADCAA /* Products */,
			);
			sourceTree = "<group>";
		};
		BB08DB0E284932B3002ADCAA /* Products */ = {
			isa = PBXGroup;
			children = (
				BB08DB0D284932B3002ADCAA /* Password.app */,
				BB08DB23284932B4002ADCAA /* PasswordTests.xctest */,
				BB08DB2D284932B4002ADCAA /* PasswordUITests.xctest */,
			);
			name = Products;
			sourceTree = "<group>";
		};
		BB08DB0F284932B3002ADCAA /* Password */ = {
			isa = PBXGroup;
			children = (
				BB08DB4028493333002ADCAA /* Files */,
				BB08DB10284932B3002ADCAA /* AppDelegate.swift */,
				BB08DB14284932B3002ADCAA /* ViewController.swift */,
				BB08DB4128494EF8002ADCAA /* PasswordTextField.swift */,
			);
			path = Password;
			sourceTree = "<group>";
		};
		BB08DB26284932B4002ADCAA /* PasswordTests */ = {
			isa = PBXGroup;
			children = (
				BB08DB27284932B4002ADCAA /* PasswordTests.swift */,
			);
			path = PasswordTests;
			sourceTree = "<group>";
		};
		BB08DB30284932B4002ADCAA /* PasswordUITests */ = {
			isa = PBXGroup;
			children = (
				BB08DB31284932B4002ADCAA /* PasswordUITests.swift */,
				BB08DB33284932B4002ADCAA /* PasswordUITestsLaunchTests.swift */,
			);
			path = PasswordUITests;
			sourceTree = "<group>";
		};
		BB08DB4028493333002ADCAA /* Files */ = {
			isa = PBXGroup;
			children = (
				BB08DB19284932B3002ADCAA /* Assets.xcassets */,
				BB08DB1B284932B3002ADCAA /* LaunchScreen.storyboard */,
				BB08DB1E284932B3002ADCAA /* Info.plist */,
			);
			path = Files;
			sourceTree = "<group>";
		};
/* End PBXGroup section */

/* Begin PBXNativeTarget section */
		BB08DB0C284932B3002ADCAA /* Password */ = {
			isa = PBXNativeTarget;
			buildConfigurationList = BB08DB37284932B4002ADCAA /* Build configuration list for PBXNativeTarget "Password" */;
			buildPhases = (
				BB08DB09284932B3002ADCAA /* Sources */,
				BB08DB0A284932B3002ADCAA /* Frameworks */,
				BB08DB0B284932B3002ADCAA /* Resources */,
			);
			buildRules = (
			);
			dependencies = (
			);
			name = Password;
			productName = Password;
			productReference = BB08DB0D284932B3002ADCAA /* Password.app */;
			productType = "com.apple.product-type.application";
		};
		BB08DB22284932B4002ADCAA /* PasswordTests */ = {
			isa = PBXNativeTarget;
			buildConfigurationList = BB08DB3A284932B4002ADCAA /* Build configuration list for PBXNativeTarget "PasswordTests" */;
			buildPhases = (
				BB08DB1F284932B4002ADCAA /* Sources */,
				BB08DB20284932B4002ADCAA /* Frameworks */,
				BB08DB21284932B4002ADCAA /* Resources */,
			);
			buildRules = (
			);
			dependencies = (
				BB08DB25284932B4002ADCAA /* PBXTargetDependency */,
			);
			name = PasswordTests;
			productName = PasswordTests;
			productReference = BB08DB23284932B4002ADCAA /* PasswordTests.xctest */;
			productType = "com.apple.product-type.bundle.unit-test";
		};
		BB08DB2C284932B4002ADCAA /* PasswordUITests */ = {
			isa = PBXNativeTarget;
			buildConfigurationList = BB08DB3D284932B4002ADCAA /* Build configuration list for PBXNativeTarget "PasswordUITests" */;
			buildPhases = (
				BB08DB29284932B4002ADCAA /* Sources */,
				BB08DB2A284932B4002ADCAA /* Frameworks */,
				BB08DB2B284932B4002ADCAA /* Resources */,
			);
			buildRules = (
			);
			dependencies = (
				BB08DB2F284932B4002ADCAA /* PBXTargetDependency */,
			);
			name = PasswordUITests;
			productName = PasswordUITests;
			productReference = BB08DB2D284932B4002ADCAA /* PasswordUITests.xctest */;
			productType = "com.apple.product-type.bundle.ui-testing";
		};
/* End PBXNativeTarget section */

/* Begin PBXProject section */
		BB08DB05284932B3002ADCAA /* Project object */ = {
			isa = PBXProject;
			attributes = {
				BuildIndependentTargetsInParallel = 1;
				LastSwiftUpdateCheck = 1340;
				LastUpgradeCheck = 1340;
				TargetAttributes = {
					BB08DB0C284932B3002ADCAA = {
						CreatedOnToolsVersion = 13.4;
					};
					BB08DB22284932B4002ADCAA = {
						CreatedOnToolsVersion = 13.4;
						TestTargetID = BB08DB0C284932B3002ADCAA;
					};
					BB08DB2C284932B4002ADCAA = {
						CreatedOnToolsVersion = 13.4;
						TestTargetID = BB08DB0C284932B3002ADCAA;
					};
				};
			};
			buildConfigurationList = BB08DB08284932B3002ADCAA /* Build configuration list for PBXProject "Password" */;
			compatibilityVersion = "Xcode 13.0";
			developmentRegion = en;
			hasScannedForEncodings = 0;
			knownRegions = (
				en,
				Base,
			);
			mainGroup = BB08DB04284932B3002ADCAA;
			productRefGroup = BB08DB0E284932B3002ADCAA /* Products */;
			projectDirPath = "";
			projectRoot = "";
			targets = (
				BB08DB0C284932B3002ADCAA /* Password */,
				BB08DB22284932B4002ADCAA /* PasswordTests */,
				BB08DB2C284932B4002ADCAA /* PasswordUITests */,
			);
		};
/* End PBXProject section */

/* Begin PBXResourcesBuildPhase section */
		BB08DB0B284932B3002ADCAA /* Resources */ = {
			isa = PBXResourcesBuildPhase;
			buildActionMask = 2147483647;
			files = (
				BB08DB1D284932B3002ADCAA /* LaunchScreen.storyboard in Resources */,
				BB08DB1A284932B3002ADCAA /* Assets.xcassets in Resources */,
			);
			runOnlyForDeploymentPostprocessing = 0;
		};
		BB08DB21284932B4002ADCAA /* Resources */ = {
			isa = PBXResourcesBuildPhase;
			buildActionMask = 2147483647;
			files = (
			);
			runOnlyForDeploymentPostprocessing = 0;
		};
		BB08DB2B284932B4002ADCAA /* Resources */ = {
			isa = PBXResourcesBuildPhase;
			buildActionMask = 2147483647;
			files = (
			);
			runOnlyForDeploymentPostprocessing = 0;
		};
/* End PBXResourcesBuildPhase section */

/* Begin PBXSourcesBuildPhase section */
		BB08DB09284932B3002ADCAA /* Sources */ = {
			isa = PBXSourcesBuildPhase;
			buildActionMask = 2147483647;
			files = (
				BB08DB15284932B3002ADCAA /* ViewController.swift in Sources */,
				BB08DB11284932B3002ADCAA /* AppDelegate.swift in Sources */,
				BB08DB4228494EF8002ADCAA /* PasswordTextField.swift in Sources */,
			);
			runOnlyForDeploymentPostprocessing = 0;
		};
		BB08DB1F284932B4002ADCAA /* Sources */ = {
			isa = PBXSourcesBuildPhase;
			buildActionMask = 2147483647;
			files = (
				BB08DB28284932B4002ADCAA /* PasswordTests.swift in Sources */,
			);
			runOnlyForDeploymentPostprocessing = 0;
		};
		BB08DB29284932B4002ADCAA /* Sources */ = {
			isa = PBXSourcesBuildPhase;
			buildActionMask = 2147483647;
			files = (
				BB08DB34284932B4002ADCAA /* PasswordUITestsLaunchTests.swift in Sources */,
				BB08DB32284932B4002ADCAA /* PasswordUITests.swift in Sources */,
			);
			runOnlyForDeploymentPostprocessing = 0;
		};
/* End PBXSourcesBuildPhase section */

/* Begin PBXTargetDependency section */
		BB08DB25284932B4002ADCAA /* PBXTargetDependency */ = {
			isa = PBXTargetDependency;
			target = BB08DB0C284932B3002ADCAA /* Password */;
			targetProxy = BB08DB24284932B4002ADCAA /* PBXContainerItemProxy */;
		};
		BB08DB2F284932B4002ADCAA /* PBXTargetDependency */ = {
			isa = PBXTargetDependency;
			target = BB08DB0C284932B3002ADCAA /* Password */;
			targetProxy = BB08DB2E284932B4002ADCAA /* PBXContainerItemProxy */;
		};
/* End PBXTargetDependency section */

/* Begin PBXVariantGroup section */
		BB08DB1B284932B3002ADCAA /* LaunchScreen.storyboard */ = {
			isa = PBXVariantGroup;
			children = (
				BB08DB1C284932B3002ADCAA /* Base */,
			);
			name = LaunchScreen.storyboard;
			sourceTree = "<group>";
		};
/* End PBXVariantGroup section */

/* Begin XCBuildConfiguration section */
		BB08DB35284932B4002ADCAA /* Debug */ = {
			isa = XCBuildConfiguration;
			buildSettings = {
				ALWAYS_SEARCH_USER_PATHS = NO;
				CLANG_ANALYZER_NONNULL = YES;
				CLANG_ANALYZER_NUMBER_OBJECT_CONVERSION = YES_AGGRESSIVE;
				CLANG_CXX_LANGUAGE_STANDARD = "gnu++17";
				CLANG_ENABLE_MODULES = YES;
				CLANG_ENABLE_OBJC_ARC = YES;
				CLANG_ENABLE_OBJC_WEAK = YES;
				CLANG_WARN_BLOCK_CAPTURE_AUTORELEASING = YES;
				CLANG_WARN_BOOL_CONVERSION = YES;
				CLANG_WARN_COMMA = YES;
				CLANG_WARN_CONSTANT_CONVERSION = YES;
				CLANG_WARN_DEPRECATED_OBJC_IMPLEMENTATIONS = YES;
				CLANG_WARN_DIRECT_OBJC_ISA_USAGE = YES_ERROR;
				CLANG_WARN_DOCUMENTATION_COMMENTS = YES;
				CLANG_WARN_EMPTY_BODY = YES;
				CLANG_WARN_ENUM_CONVERSION = YES;
				CLANG_WARN_INFINITE_RECURSION = YES;
				CLANG_WARN_INT_CONVERSION = YES;
				CLANG_WARN_NON_LITERAL_NULL_CONVERSION = YES;
				CLANG_WARN_OBJC_IMPLICIT_RETAIN_SELF = YES;
				CLANG_WARN_OBJC_LITERAL_CONVERSION = YES;
				CLANG_WARN_OBJC_ROOT_CLASS = YES_ERROR;
				CLANG_WARN_QUOTED_INCLUDE_IN_FRAMEWORK_HEADER = YES;
				CLANG_WARN_RANGE_LOOP_ANALYSIS = YES;
				CLANG_WARN_STRICT_PROTOTYPES = YES;
				CLANG_WARN_SUSPICIOUS_MOVE = YES;
				CLANG_WARN_UNGUARDED_AVAILABILITY = YES_AGGRESSIVE;
				CLANG_WARN_UNREACHABLE_CODE = YES;
				CLANG_WARN__DUPLICATE_METHOD_MATCH = YES;
				COPY_PHASE_STRIP = NO;
				DEBUG_INFORMATION_FORMAT = dwarf;
				ENABLE_STRICT_OBJC_MSGSEND = YES;
				ENABLE_TESTABILITY = YES;
				GCC_C_LANGUAGE_STANDARD = gnu11;
				GCC_DYNAMIC_NO_PIC = NO;
				GCC_NO_COMMON_BLOCKS = YES;
				GCC_OPTIMIZATION_LEVEL = 0;
				GCC_PREPROCESSOR_DEFINITIONS = (
					"DEBUG=1",
					"$(inherited)",
				);
				GCC_WARN_64_TO_32_BIT_CONVERSION = YES;
				GCC_WARN_ABOUT_RETURN_TYPE = YES_ERROR;
				GCC_WARN_UNDECLARED_SELECTOR = YES;
				GCC_WARN_UNINITIALIZED_AUTOS = YES_AGGRESSIVE;
				GCC_WARN_UNUSED_FUNCTION = YES;
				GCC_WARN_UNUSED_VARIABLE = YES;
				INFOPLIST_FILE = Password/Files/Info.plist;
				IPHONEOS_DEPLOYMENT_TARGET = 15.5;
				MTL_ENABLE_DEBUG_INFO = INCLUDE_SOURCE;
				MTL_FAST_MATH = YES;
				ONLY_ACTIVE_ARCH = YES;
				SDKROOT = iphoneos;
				SWIFT_ACTIVE_COMPILATION_CONDITIONS = DEBUG;
				SWIFT_OPTIMIZATION_LEVEL = "-Onone";
			};
			name = Debug;
		};
		BB08DB36284932B4002ADCAA /* Release */ = {
			isa = XCBuildConfiguration;
			buildSettings = {
				ALWAYS_SEARCH_USER_PATHS = NO;
				CLANG_ANALYZER_NONNULL = YES;
				CLANG_ANALYZER_NUMBER_OBJECT_CONVERSION = YES_AGGRESSIVE;
				CLANG_CXX_LANGUAGE_STANDARD = "gnu++17";
				CLANG_ENABLE_MODULES = YES;
				CLANG_ENABLE_OBJC_ARC = YES;
				CLANG_ENABLE_OBJC_WEAK = YES;
				CLANG_WARN_BLOCK_CAPTURE_AUTORELEASING = YES;
				CLANG_WARN_BOOL_CONVERSION = YES;
				CLANG_WARN_COMMA = YES;
				CLANG_WARN_CONSTANT_CONVERSION = YES;
				CLANG_WARN_DEPRECATED_OBJC_IMPLEMENTATIONS = YES;
				CLANG_WARN_DIRECT_OBJC_ISA_USAGE = YES_ERROR;
				CLANG_WARN_DOCUMENTATION_COMMENTS = YES;
				CLANG_WARN_EMPTY_BODY = YES;
				CLANG_WARN_ENUM_CONVERSION = YES;
				CLANG_WARN_INFINITE_RECURSION = YES;
				CLANG_WARN_INT_CONVERSION = YES;
				CLANG_WARN_NON_LITERAL_NULL_CONVERSION = YES;
				CLANG_WARN_OBJC_IMPLICIT_RETAIN_SELF = YES;
				CLANG_WARN_OBJC_LITERAL_CONVERSION = YES;
				CLANG_WARN_OBJC_ROOT_CLASS = YES_ERROR;
				CLANG_WARN_QUOTED_INCLUDE_IN_FRAMEWORK_HEADER = YES;
				CLANG_WARN_RANGE_LOOP_ANALYSIS = YES;
				CLANG_WARN_STRICT_PROTOTYPES = YES;
				CLANG_WARN_SUSPICIOUS_MOVE = YES;
				CLANG_WARN_UNGUARDED_AVAILABILITY = YES_AGGRESSIVE;
				CLANG_WARN_UNREACHABLE_CODE = YES;
				CLANG_WARN__DUPLICATE_METHOD_MATCH = YES;
				COPY_PHASE_STRIP = NO;
				DEBUG_INFORMATION_FORMAT = "dwarf-with-dsym";
				ENABLE_NS_ASSERTIONS = NO;
				ENABLE_STRICT_OBJC_MSGSEND = YES;
				GCC_C_LANGUAGE_STANDARD = gnu11;
				GCC_NO_COMMON_BLOCKS = YES;
				GCC_WARN_64_TO_32_BIT_CONVERSION = YES;
				GCC_WARN_ABOUT_RETURN_TYPE = YES_ERROR;
				GCC_WARN_UNDECLARED_SELECTOR = YES;
				GCC_WARN_UNINITIALIZED_AUTOS = YES_AGGRESSIVE;
				GCC_WARN_UNUSED_FUNCTION = YES;
				GCC_WARN_UNUSED_VARIABLE = YES;
				INFOPLIST_FILE = Password/Files/Info.plist;
				IPHONEOS_DEPLOYMENT_TARGET = 15.5;
				MTL_ENABLE_DEBUG_INFO = NO;
				MTL_FAST_MATH = YES;
				SDKROOT = iphoneos;
				SWIFT_COMPILATION_MODE = wholemodule;
				SWIFT_OPTIMIZATION_LEVEL = "-O";
				VALIDATE_PRODUCT = YES;
			};
			name = Release;
		};
		BB08DB38284932B4002ADCAA /* Debug */ = {
			isa = XCBuildConfiguration;
			buildSettings = {
				ASSETCATALOG_COMPILER_APPICON_NAME = AppIcon;
				ASSETCATALOG_COMPILER_GLOBAL_ACCENT_COLOR_NAME = AccentColor;
				CODE_SIGN_STYLE = Automatic;
				CURRENT_PROJECT_VERSION = 1;
				GENERATE_INFOPLIST_FILE = YES;
				INFOPLIST_FILE = Password/Files/Info.plist;
				INFOPLIST_KEY_UIApplicationSupportsIndirectInputEvents = YES;
				INFOPLIST_KEY_UILaunchStoryboardName = LaunchScreen;
				INFOPLIST_KEY_UISupportedInterfaceOrientations_iPad = "UIInterfaceOrientationPortrait UIInterfaceOrientationPortraitUpsideDown UIInterfaceOrientationLandscapeLeft UIInterfaceOrientationLandscapeRight";
				INFOPLIST_KEY_UISupportedInterfaceOrientations_iPhone = "UIInterfaceOrientationPortrait UIInterfaceOrientationLandscapeLeft UIInterfaceOrientationLandscapeRight";
				LD_RUNPATH_SEARCH_PATHS = (
					"$(inherited)",
					"@executable_path/Frameworks",
				);
				MARKETING_VERSION = 1.0;
				PRODUCT_BUNDLE_IDENTIFIER = pedrotres.Password;
				PRODUCT_NAME = "$(TARGET_NAME)";
				SWIFT_EMIT_LOC_STRINGS = YES;
				SWIFT_VERSION = 5.0;
				TARGETED_DEVICE_FAMILY = "1,2";
			};
			name = Debug;
		};
		BB08DB39284932B4002ADCAA /* Release */ = {
			isa = XCBuildConfiguration;
			buildSettings = {
				ASSETCATALOG_COMPILER_APPICON_NAME = AppIcon;
				ASSETCATALOG_COMPILER_GLOBAL_ACCENT_COLOR_NAME = AccentColor;
				CODE_SIGN_STYLE = Automatic;
				CURRENT_PROJECT_VERSION = 1;
				GENERATE_INFOPLIST_FILE = YES;
				INFOPLIST_FILE = Password/Files/Info.plist;
				INFOPLIST_KEY_UIApplicationSupportsIndirectInputEvents = YES;
				INFOPLIST_KEY_UILaunchStoryboardName = LaunchScreen;
				INFOPLIST_KEY_UISupportedInterfaceOrientations_iPad = "UIInterfaceOrientationPortrait UIInterfaceOrientationPortraitUpsideDown UIInterfaceOrientationLandscapeLeft UIInterfaceOrientationLandscapeRight";
				INFOPLIST_KEY_UISupportedInterfaceOrientations_iPhone = "UIInterfaceOrientationPortrait UIInterfaceOrientationLandscapeLeft UIInterfaceOrientationLandscapeRight";
				LD_RUNPATH_SEARCH_PATHS = (
					"$(inherited)",
					"@executable_path/Frameworks",
				);
				MARKETING_VERSION = 1.0;
				PRODUCT_BUNDLE_IDENTIFIER = pedrotres.Password;
				PRODUCT_NAME = "$(TARGET_NAME)";
				SWIFT_EMIT_LOC_STRINGS = YES;
				SWIFT_VERSION = 5.0;
				TARGETED_DEVICE_FAMILY = "1,2";
			};
			name = Release;
		};
		BB08DB3B284932B4002ADCAA /* Debug */ = {
			isa = XCBuildConfiguration;
			buildSettings = {
				ALWAYS_EMBED_SWIFT_STANDARD_LIBRARIES = YES;
				BUNDLE_LOADER = "$(TEST_HOST)";
				CODE_SIGN_STYLE = Automatic;
				CURRENT_PROJECT_VERSION = 1;
				GENERATE_INFOPLIST_FILE = YES;
				IPHONEOS_DEPLOYMENT_TARGET = 15.5;
				MARKETING_VERSION = 1.0;
				PRODUCT_BUNDLE_IDENTIFIER = pedrotres.PasswordTests;
				PRODUCT_NAME = "$(TARGET_NAME)";
				SWIFT_EMIT_LOC_STRINGS = NO;
				SWIFT_VERSION = 5.0;
				TARGETED_DEVICE_FAMILY = "1,2";
				TEST_HOST = "$(BUILT_PRODUCTS_DIR)/Password.app/Password";
			};
			name = Debug;
		};
		BB08DB3C284932B4002ADCAA /* Release */ = {
			isa = XCBuildConfiguration;
			buildSettings = {
				ALWAYS_EMBED_SWIFT_STANDARD_LIBRARIES = YES;
				BUNDLE_LOADER = "$(TEST_HOST)";
				CODE_SIGN_STYLE = Automatic;
				CURRENT_PROJECT_VERSION = 1;
				GENERATE_INFOPLIST_FILE = YES;
				IPHONEOS_DEPLOYMENT_TARGET = 15.5;
				MARKETING_VERSION = 1.0;
				PRODUCT_BUNDLE_IDENTIFIER = pedrotres.PasswordTests;
				PRODUCT_NAME = "$(TARGET_NAME)";
				SWIFT_EMIT_LOC_STRINGS = NO;
				SWIFT_VERSION = 5.0;
				TARGETED_DEVICE_FAMILY = "1,2";
				TEST_HOST = "$(BUILT_PRODUCTS_DIR)/Password.app/Password";
			};
			name = Release;
		};
		BB08DB3E284932B4002ADCAA /* Debug */ = {
			isa = XCBuildConfiguration;
			buildSettings = {
				ALWAYS_EMBED_SWIFT_STANDARD_LIBRARIES = YES;
				CODE_SIGN_STYLE = Automatic;
				CURRENT_PROJECT_VERSION = 1;
				GENERATE_INFOPLIST_FILE = YES;
				MARKETING_VERSION = 1.0;
				PRODUCT_BUNDLE_IDENTIFIER = pedrotres.PasswordUITests;
				PRODUCT_NAME = "$(TARGET_NAME)";
				SWIFT_EMIT_LOC_STRINGS = NO;
				SWIFT_VERSION = 5.0;
				TARGETED_DEVICE_FAMILY = "1,2";
				TEST_TARGET_NAME = Password;
			};
			name = Debug;
		};
		BB08DB3F284932B4002ADCAA /* Release */ = {
			isa = XCBuildConfiguration;
			buildSettings = {
				ALWAYS_EMBED_SWIFT_STANDARD_LIBRARIES = YES;
				CODE_SIGN_STYLE = Automatic;
				CURRENT_PROJECT_VERSION = 1;
				GENERATE_INFOPLIST_FILE = YES;
				MARKETING_VERSION = 1.0;
				PRODUCT_BUNDLE_IDENTIFIER = pedrotres.PasswordUITests;
				PRODUCT_NAME = "$(TARGET_NAME)";
				SWIFT_EMIT_LOC_STRINGS = NO;
				SWIFT_VERSION = 5.0;
				TARGETED_DEVICE_FAMILY = "1,2";
				TEST_TARGET_NAME = Password;
			};
			name = Release;
		};
/* End XCBuildConfiguration section */

/* Begin XCConfigurationList section */
		BB08DB08284932B3002ADCAA /* Build configuration list for PBXProject "Password" */ = {
			isa = XCConfigurationList;
			buildConfigurations = (
				BB08DB35284932B4002ADCAA /* Debug */,
				BB08DB36284932B4002ADCAA /* Release */,
			);
			defaultConfigurationIsVisible = 0;
			defaultConfigurationName = Release;
		};
		BB08DB37284932B4002ADCAA /* Build configuration list for PBXNativeTarget "Password" */ = {
			isa = XCConfigurationList;
			buildConfigurations = (
				BB08DB38284932B4002ADCAA /* Debug */,
				BB08DB39284932B4002ADCAA /* Release */,
			);
			defaultConfigurationIsVisible = 0;
			defaultConfigurationName = Release;
		};
		BB08DB3A284932B4002ADCAA /* Build configuration list for PBXNativeTarget "PasswordTests" */ = {
			isa = XCConfigurationList;
			buildConfigurations = (
				BB08DB3B284932B4002ADCAA /* Debug */,
				BB08DB3C284932B4002ADCAA /* Release */,
			);
			defaultConfigurationIsVisible = 0;
			defaultConfigurationName = Release;
		};
		BB08DB3D284932B4002ADCAA /* Build configuration list for PBXNativeTarget "PasswordUITests" */ = {
			isa = XCConfigurationList;
			buildConfigurations = (
				BB08DB3E284932B4002ADCAA /* Debug */,
				BB08DB3F284932B4002ADCAA /* Release */,
			);
			defaultConfigurationIsVisible = 0;
			defaultConfigurationName = Release;
		};
/* End XCConfigurationList section */
	};
	rootObject = BB08DB05284932B3002ADCAA /* Project object */;
}
